
Microsoft Visual Studio Solution File, Format Version 12.00
# Visual Studio Version 16
VisualStudioVersion = 16.0.30517.126
MinimumVisualStudioVersion = 10.0.40219.1
Project("{9A19103F-16F7-4668-BE54-9A1E7A4F7556}") = "ImaginaryLearning.Core", "ImaginaryLearning.Core\ImaginaryLearning.Core.csproj", "{3DC24EDF-1839-418A-8232-5FF2731D6806}"
EndProject
Project("{9A19103F-16F7-4668-BE54-9A1E7A4F7556}") = "ImaginaryLearning", "ImaginaryLearning\ImaginaryLearning.csproj", "{15F832E8-23B2-4BB7-B04A-83AB7ED4D654}"
EndProject
Project("{9A19103F-16F7-4668-BE54-9A1E7A4F7556}") = "ImaginaryLearning.Common", "ImaginaryLearning.Common\ImaginaryLearning.Common.csproj", "{DA64B69B-E982-44B2-B980-B5B43F15C43A}"
EndProject
Project("{FAE04EC0-301F-11D3-BF4B-00C04F79EFBC}") = "ImaginaryLearning.Wpf", "ImaginaryLearning.Wpf\ImaginaryLearning.Wpf.csproj", "{66A0C2DC-476A-4BF0-982A-1D54B4BF13C3}"
EndProject
Global
	GlobalSection(SolutionConfigurationPlatforms) = preSolution
		Debug|Any CPU = Debug|Any CPU
		Release|Any CPU = Release|Any CPU
	EndGlobalSection
	GlobalSection(ProjectConfigurationPlatforms) = postSolution
		{3DC24EDF-1839-418A-8232-5FF2731D6806}.Debug|Any CPU.ActiveCfg = Debug|Any CPU
		{3DC24EDF-1839-418A-8232-5FF2731D6806}.Debug|Any CPU.Build.0 = Debug|Any CPU
		{3DC24EDF-1839-418A-8232-5FF2731D6806}.Release|Any CPU.ActiveCfg = Release|Any CPU
		{3DC24EDF-1839-418A-8232-5FF2731D6806}.Release|Any CPU.Build.0 = Release|Any CPU
		{15F832E8-23B2-4BB7-B04A-83AB7ED4D654}.Debug|Any CPU.ActiveCfg = Debug|Any CPU
		{15F832E8-23B2-4BB7-B04A-83AB7ED4D654}.Debug|Any CPU.Build.0 = Debug|Any CPU
		{15F832E8-23B2-4BB7-B04A-83AB7ED4D654}.Release|Any CPU.ActiveCfg = Release|Any CPU
		{15F832E8-23B2-4BB7-B04A-83AB7ED4D654}.Release|Any CPU.Build.0 = Release|Any CPU
		{DA64B69B-E982-44B2-B980-B5B43F15C43A}.Debug|Any CPU.ActiveCfg = Debug|Any CPU
		{DA64B69B-E982-44B2-B980-B5B43F15C43A}.Debug|Any CPU.Build.0 = Debug|Any CPU
		{DA64B69B-E982-44B2-B980-B5B43F15C43A}.Release|Any CPU.ActiveCfg = Release|Any CPU
		{DA64B69B-E982-44B2-B980-B5B43F15C43A}.Release|Any CPU.Build.0 = Release|Any CPU
		{66A0C2DC-476A-4BF0-982A-1D54B4BF13C3}.Debug|Any CPU.ActiveCfg = Debug|Any CPU
		{66A0C2DC-476A-4BF0-982A-1D54B4BF13C3}.Debug|Any CPU.Build.0 = Debug|Any CPU
		{66A0C2DC-476A-4BF0-982A-1D54B4BF13C3}.Release|Any CPU.ActiveCfg = Release|Any CPU
		{66A0C2DC-476A-4BF0-982A-1D54B4BF13C3}.Release|Any CPU.Build.0 = Release|Any CPU
	EndGlobalSection
	GlobalSection(SolutionProperties) = preSolution
		HideSolutionNode = FALSE
	EndGlobalSection
	GlobalSection(ExtensibilityGlobals) = postSolution
		SolutionGuid = {3322220D-1F9A-46A5-A347-47DF02EA9A65}
	EndGlobalSection
EndGlobal
